# THIS IS AN AUTOGENERATED FILE. DO NOT EDIT THIS FILE DIRECTLY.
# yarn lockfile v1


argparse@^1.0.9:
  version "1.0.9"
  resolved "https://npm.fastspring.com:8080/a/argparse/_attachments/argparse-1.0.9.tgz#73d83bc263f86e97f8cc4f6bae1b0e90a7d22c86"
  dependencies:
    sprintf-js "~1.0.2"

base64-js@1.2.0:
  version "1.2.0"
  resolved "https://npm.fastspring.com:8080/b/base64-js/_attachments/base64-js-1.2.0.tgz#a39992d723584811982be5e290bb6a53d86700f1"

ncp@^2.0.0:
  version "2.0.0"
  resolved "https://npm.fastspring.com:8080/n/ncp/_attachments/ncp-2.0.0.tgz#195a21d6c46e361d2fb1281ba38b91e9df7bdbb3"

packpath@~0.1.0:
  version "0.1.0"
  resolved "https://npm.fastspring.com:8080/p/packpath/_attachments/packpath-0.1.0.tgz#a521534222dfeaa9c612ef0c640ec399149ecdd8"

plist@^2.1.0:
  version "2.1.0"
  resolved "https://npm.fastspring.com:8080/p/plist/_attachments/plist-2.1.0.tgz#57ccdb7a0821df21831217a3cad54e3e146a1025"
  dependencies:
    base64-js "1.2.0"
    xmlbuilder "8.2.2"
    xmldom "0.1.x"

root-require@^0.3.1:
  version "0.3.1"
  resolved "https://npm.fastspring.com:8080/r/root-require/_attachments/root-require-0.3.1.tgz#95e1554d63cc869a2abde3e3bfc9bbaaa1edacd3"
  dependencies:
    packpath "~0.1.0"

sprintf-js@~1.0.2:
  version "1.0.3"
  resolved "https://npm.fastspring.com:8080/s/sprintf-js/_attachments/sprintf-js-1.0.3.tgz#04e6926f662895354f3dd015203633b857297e2c"

xmlbuilder@8.2.2:
  version "8.2.2"
  resolved "https://npm.fastspring.com:8080/x/xmlbuilder/_attachments/xmlbuilder-8.2.2.tgz#69248673410b4ba42e1a6136551d2922335aa773"

xmldom@0.1.x:
  version "0.1.27"
  resolved "https://npm.fastspring.com:8080/x/xmldom/_attachments/xmldom-0.1.27.tgz#d501f97b3bdb403af8ef9ecc20573187aadac0e9"
